{
  "name": "anvil",
  "version": "0.0.1",
  "dependencies": {
    "async": {
      "version": "0.1.22",
      "from": "async@0.1.x"
    },
    "coffee-script": {
      "version": "1.2.0",
      "from": "coffee-script@1.2.x"
    },
    "commander": {
      "version": "0.6.1",
      "from": "commander@0.6.x"
    },
    "express": {
      "version": "2.5.11",
      "from": "express@2.5.x",
      "dependencies": {
        "connect": {
          "version": "1.9.2",
          "from": "connect@1.x",
          "dependencies": {
            "formidable": {
              "version": "1.0.14",
              "from": "formidable@1.0.x"
            }
          }
        },
        "mime": {
          "version": "1.2.4",
          "from": "mime@1.2.4"
        },
        "qs": {
          "version": "0.4.2",
          "from": "qs@0.4.x"
        },
        "mkdirp": {
          "version": "0.3.0",
          "from": "mkdirp@0.3.0"
        }
      }
    },
    "knox": {
      "version": "0.8.6",
      "from": "knox@0.8.x",
      "resolved": "https://registry.npmjs.org/knox/-/knox-0.8.6.tgz",
      "dependencies": {
        "mime": {
          "version": "1.2.11",
          "from": "mime@*"
        },
        "xml2js": {
          "version": "0.2.8",
          "from": "xml2js@0.2.x",
          "resolved": "https://registry.npmjs.org/xml2js/-/xml2js-0.2.8.tgz",
          "dependencies": {
            "sax": {
              "version": "0.5.5",
              "from": "sax@0.5.x",
              "resolved": "https://registry.npmjs.org/sax/-/sax-0.5.5.tgz"
            }
          }
        },
        "debug": {
          "version": "0.7.2",
          "from": "debug@~0.7.0"
        },
        "stream-counter": {
          "version": "0.1.0",
          "from": "stream-counter@~0.1.0",
          "resolved": "https://registry.npmjs.org/stream-counter/-/stream-counter-0.1.0.tgz",
          "dependencies": {
            "readable-stream": {
              "version": "1.0.17",
              "from": "readable-stream@~1.0.2"
            }
          }
        }
      }
    },
    "mkdirp": {
      "version": "0.3.5",
      "from": "mkdirp@0.3.x"
    },
    "node-uuid": {
      "version": "1.3.3",
      "from": "node-uuid@1.3.x"
    },
    "nodemon": {
      "version": "0.6.18",
      "from": "nodemon@0.6.18"
    },
    "restler": {
      "version": "2.0.1",
      "from": "restler@2.0.x"
    },
    "stylus": {
      "version": "0.26.1",
      "from": "stylus@0.26.x",
      "dependencies": {
        "cssom": {
          "version": "0.2.5",
          "from": "cssom@0.2.x"
        },
        "debug": {
          "version": "0.7.2",
          "from": "debug@*"
        }
      }
    },
    "temp": {
      "version": "0.4.0",
      "from": "temp@0.4.x"
    }
  }
}
